
Microsoft Visual Studio Solution File, Format Version 12.00
# Visual Studio 14
VisualStudioVersion = 14.0.25420.1
MinimumVisualStudioVersion = 10.0.40219.1
Project("{F088123C-0E9E-452A-89E6-6BA2F21D5CAC}") = "ProyectoSoftware", "ProyectoSoftware\ProyectoSoftware.modelproj", "{340A4968-0327-4385-9322-63160654738F}"
EndProject
Project("{2150E333-8FDC-42A3-9474-1A3956D46DE8}") = "Library", "Library", "{EEEDEA3F-574E-48F3-A856-C67C592174ED}"
EndProject
Project("{2150E333-8FDC-42A3-9474-1A3956D46DE8}") = "Presentation", "Presentation", "{094F7F66-E8EA-4396-8C65-AED8BF4F11B7}"
EndProject
Project("{2150E333-8FDC-42A3-9474-1A3956D46DE8}") = "BusinessLogic", "BusinessLogic", "{5AD68253-7292-4C5C-8F2E-2033A2275CAF}"
EndProject
Project("{2150E333-8FDC-42A3-9474-1A3956D46DE8}") = "Persistence", "Persistence", "{73A530EA-98B7-4D97-8251-FE9DA1E74EC5}"
EndProject
Project("{2150E333-8FDC-42A3-9474-1A3956D46DE8}") = "Testing", "Testing", "{F6ADE0D8-611B-48A4-B136-B859F4F7016B}"
EndProject
Project("{2150E333-8FDC-42A3-9474-1A3956D46DE8}") = "Lab1", "Lab1", "{5D2ABD35-B217-4CC9-A7CF-0316932EB30D}"
EndProject
Project("{FAE04EC0-301F-11D3-BF4B-00C04F79EFBC}") = "HelloWorld", "HelloWorld\HelloWorld.csproj", "{A8C83CB1-20FF-46A6-B898-050253414033}"
EndProject
Project("{2150E333-8FDC-42A3-9474-1A3956D46DE8}") = "Lab2", "Lab2", "{BD32401B-1F30-4C24-92B3-8ED6B2F2575E}"
EndProject
Project("{F088123C-0E9E-452A-89E6-6BA2F21D5CAC}") = "Lab2-DiagramaCasosUso", "Lab2-DiagramaCasosUso\Lab2-DiagramaCasosUso.modelproj", "{55D20096-F74A-4294-AE17-045122DCA6E6}"
EndProject
Project("{F088123C-0E9E-452A-89E6-6BA2F21D5CAC}") = "Lab2-DiagramasClases", "Lab2-DiagramasClases\Lab2-DiagramasClases.modelproj", "{39BAD63B-3C32-468D-846D-203CAC527973}"
EndProject
Project("{FAE04EC0-301F-11D3-BF4B-00C04F79EFBC}") = "GestDepLib", "GestDepLib\GestDepLib.csproj", "{E8CE8635-C12C-457F-914A-50926397BF9E}"
EndProject
Project("{F088123C-0E9E-452A-89E6-6BA2F21D5CAC}") = "GestDepModel", "..\GestDepModel\GestDepModel.modelproj", "{68B03B4F-8459-4E13-AF4F-9127AE7E63AE}"
EndProject
Project("{FAE04EC0-301F-11D3-BF4B-00C04F79EFBC}") = "GestDepModelLib", "..\GestDepModelLib\GestDepModelLib.csproj", "{A760E3D1-05CA-4EA5-AAB8-0DC2DDBA429B}"
EndProject
Project("{FAE04EC0-301F-11D3-BF4B-00C04F79EFBC}") = "GestDepDBTest", "..\GestDBTest\GestDepDBTest.csproj", "{4646CB99-241C-4CAD-844E-7697DE97E0AE}"
	ProjectSection(ProjectDependencies) = postProject
		{340A4968-0327-4385-9322-63160654738F} = {340A4968-0327-4385-9322-63160654738F}
	EndProjectSection
EndProject
Project("{2150E333-8FDC-42A3-9474-1A3956D46DE8}") = "Lab4", "Lab4", "{0A2CC9F1-90F6-4D0F-9422-EA7000A670D1}"
EndProject
Project("{2150E333-8FDC-42A3-9474-1A3956D46DE8}") = "BusinessLogicTest", "BusinessLogicTest", "{11732AC1-A030-4261-9B54-56F1A7276282}"
EndProject
Project("{FAE04EC0-301F-11D3-BF4B-00C04F79EFBC}") = "GestDep.BllUnitTest", "..\GestDep.BllUnitTest\GestDep.BllUnitTest.csproj", "{47B4C4DC-1C06-40E1-8DC6-72EC8E028CA7}"
EndProject
Project("{FAE04EC0-301F-11D3-BF4B-00C04F79EFBC}") = "GesDep.GUI", "GesDep.GUI\GesDep.GUI.csproj", "{A4EFAC43-E507-4954-A29B-F28888E354DC}"
EndProject
Global
	GlobalSection(SolutionConfigurationPlatforms) = preSolution
		Debug|Any CPU = Debug|Any CPU
		Release|Any CPU = Release|Any CPU
	EndGlobalSection
	GlobalSection(ProjectConfigurationPlatforms) = postSolution
		{340A4968-0327-4385-9322-63160654738F}.Debug|Any CPU.ActiveCfg = Debug|Any CPU
		{340A4968-0327-4385-9322-63160654738F}.Debug|Any CPU.Build.0 = Debug|Any CPU
		{340A4968-0327-4385-9322-63160654738F}.Release|Any CPU.ActiveCfg = Release|Any CPU
		{340A4968-0327-4385-9322-63160654738F}.Release|Any CPU.Build.0 = Release|Any CPU
		{A8C83CB1-20FF-46A6-B898-050253414033}.Debug|Any CPU.ActiveCfg = Debug|Any CPU
		{A8C83CB1-20FF-46A6-B898-050253414033}.Debug|Any CPU.Build.0 = Debug|Any CPU
		{A8C83CB1-20FF-46A6-B898-050253414033}.Release|Any CPU.ActiveCfg = Release|Any CPU
		{A8C83CB1-20FF-46A6-B898-050253414033}.Release|Any CPU.Build.0 = Release|Any CPU
		{55D20096-F74A-4294-AE17-045122DCA6E6}.Debug|Any CPU.ActiveCfg = Debug|Any CPU
		{55D20096-F74A-4294-AE17-045122DCA6E6}.Debug|Any CPU.Build.0 = Debug|Any CPU
		{55D20096-F74A-4294-AE17-045122DCA6E6}.Release|Any CPU.ActiveCfg = Release|Any CPU
		{55D20096-F74A-4294-AE17-045122DCA6E6}.Release|Any CPU.Build.0 = Release|Any CPU
		{39BAD63B-3C32-468D-846D-203CAC527973}.Debug|Any CPU.ActiveCfg = Debug|Any CPU
		{39BAD63B-3C32-468D-846D-203CAC527973}.Debug|Any CPU.Build.0 = Debug|Any CPU
		{39BAD63B-3C32-468D-846D-203CAC527973}.Release|Any CPU.ActiveCfg = Release|Any CPU
		{39BAD63B-3C32-468D-846D-203CAC527973}.Release|Any CPU.Build.0 = Release|Any CPU
		{E8CE8635-C12C-457F-914A-50926397BF9E}.Debug|Any CPU.ActiveCfg = Debug|Any CPU
		{E8CE8635-C12C-457F-914A-50926397BF9E}.Debug|Any CPU.Build.0 = Debug|Any CPU
		{E8CE8635-C12C-457F-914A-50926397BF9E}.Release|Any CPU.ActiveCfg = Release|Any CPU
		{E8CE8635-C12C-457F-914A-50926397BF9E}.Release|Any CPU.Build.0 = Release|Any CPU
		{68B03B4F-8459-4E13-AF4F-9127AE7E63AE}.Debug|Any CPU.ActiveCfg = Debug|Any CPU
		{68B03B4F-8459-4E13-AF4F-9127AE7E63AE}.Debug|Any CPU.Build.0 = Debug|Any CPU
		{68B03B4F-8459-4E13-AF4F-9127AE7E63AE}.Release|Any CPU.ActiveCfg = Release|Any CPU
		{68B03B4F-8459-4E13-AF4F-9127AE7E63AE}.Release|Any CPU.Build.0 = Release|Any CPU
		{A760E3D1-05CA-4EA5-AAB8-0DC2DDBA429B}.Debug|Any CPU.ActiveCfg = Debug|Any CPU
		{A760E3D1-05CA-4EA5-AAB8-0DC2DDBA429B}.Debug|Any CPU.Build.0 = Debug|Any CPU
		{A760E3D1-05CA-4EA5-AAB8-0DC2DDBA429B}.Release|Any CPU.ActiveCfg = Release|Any CPU
		{A760E3D1-05CA-4EA5-AAB8-0DC2DDBA429B}.Release|Any CPU.Build.0 = Release|Any CPU
		{4646CB99-241C-4CAD-844E-7697DE97E0AE}.Debug|Any CPU.ActiveCfg = Debug|Any CPU
		{4646CB99-241C-4CAD-844E-7697DE97E0AE}.Debug|Any CPU.Build.0 = Debug|Any CPU
		{4646CB99-241C-4CAD-844E-7697DE97E0AE}.Release|Any CPU.ActiveCfg = Release|Any CPU
		{4646CB99-241C-4CAD-844E-7697DE97E0AE}.Release|Any CPU.Build.0 = Release|Any CPU
		{47B4C4DC-1C06-40E1-8DC6-72EC8E028CA7}.Debug|Any CPU.ActiveCfg = Debug|Any CPU
		{47B4C4DC-1C06-40E1-8DC6-72EC8E028CA7}.Debug|Any CPU.Build.0 = Debug|Any CPU
		{47B4C4DC-1C06-40E1-8DC6-72EC8E028CA7}.Release|Any CPU.ActiveCfg = Release|Any CPU
		{47B4C4DC-1C06-40E1-8DC6-72EC8E028CA7}.Release|Any CPU.Build.0 = Release|Any CPU
		{A4EFAC43-E507-4954-A29B-F28888E354DC}.Debug|Any CPU.ActiveCfg = Debug|Any CPU
		{A4EFAC43-E507-4954-A29B-F28888E354DC}.Debug|Any CPU.Build.0 = Debug|Any CPU
		{A4EFAC43-E507-4954-A29B-F28888E354DC}.Release|Any CPU.ActiveCfg = Release|Any CPU
		{A4EFAC43-E507-4954-A29B-F28888E354DC}.Release|Any CPU.Build.0 = Release|Any CPU
	EndGlobalSection
	GlobalSection(SolutionProperties) = preSolution
		HideSolutionNode = FALSE
	EndGlobalSection
	GlobalSection(NestedProjects) = preSolution
		{5AD68253-7292-4C5C-8F2E-2033A2275CAF} = {EEEDEA3F-574E-48F3-A856-C67C592174ED}
		{73A530EA-98B7-4D97-8251-FE9DA1E74EC5} = {EEEDEA3F-574E-48F3-A856-C67C592174ED}
		{5D2ABD35-B217-4CC9-A7CF-0316932EB30D} = {F6ADE0D8-611B-48A4-B136-B859F4F7016B}
		{A8C83CB1-20FF-46A6-B898-050253414033} = {5D2ABD35-B217-4CC9-A7CF-0316932EB30D}
		{BD32401B-1F30-4C24-92B3-8ED6B2F2575E} = {F6ADE0D8-611B-48A4-B136-B859F4F7016B}
		{55D20096-F74A-4294-AE17-045122DCA6E6} = {BD32401B-1F30-4C24-92B3-8ED6B2F2575E}
		{39BAD63B-3C32-468D-846D-203CAC527973} = {BD32401B-1F30-4C24-92B3-8ED6B2F2575E}
		{E8CE8635-C12C-457F-914A-50926397BF9E} = {EEEDEA3F-574E-48F3-A856-C67C592174ED}
		{4646CB99-241C-4CAD-844E-7697DE97E0AE} = {0A2CC9F1-90F6-4D0F-9422-EA7000A670D1}
		{0A2CC9F1-90F6-4D0F-9422-EA7000A670D1} = {F6ADE0D8-611B-48A4-B136-B859F4F7016B}
		{11732AC1-A030-4261-9B54-56F1A7276282} = {F6ADE0D8-611B-48A4-B136-B859F4F7016B}
		{47B4C4DC-1C06-40E1-8DC6-72EC8E028CA7} = {11732AC1-A030-4261-9B54-56F1A7276282}
	EndGlobalSection
EndGlobal
